
Microsoft Visual Studio Solution File, Format Version 12.00
# Visual Studio Version 16
VisualStudioVersion = 16.0.29920.165
MinimumVisualStudioVersion = 10.0.40219.1
Project("{FAE04EC0-301F-11D3-BF4B-00C04F79EFBC}") = "Shaheen", "Shaheen\Shaheen.csproj", "{854F6843-E5EB-4BB9-A886-CE9CE6AAA079}"
EndProject
Project("{54435603-DBB4-11D2-8724-00A0C9A8B90C}") = "Shaheen.Setup", "Shaheen.Setup\Shaheen.Setup.vdproj", "{53E75EA9-0272-4433-87E6-ACF4D4C4D5B6}"
EndProject
Global
	GlobalSection(SolutionConfigurationPlatforms) = preSolution
		Debug|Any CPU = Debug|Any CPU
		Release|Any CPU = Release|Any CPU
	EndGlobalSection
	GlobalSection(ProjectConfigurationPlatforms) = postSolution
		{854F6843-E5EB-4BB9-A886-CE9CE6AAA079}.Debug|Any CPU.ActiveCfg = Release|Any CPU
		{854F6843-E5EB-4BB9-A886-CE9CE6AAA079}.Debug|Any CPU.Build.0 = Release|Any CPU
		{854F6843-E5EB-4BB9-A886-CE9CE6AAA079}.Release|Any CPU.ActiveCfg = Release|Any CPU
		{854F6843-E5EB-4BB9-A886-CE9CE6AAA079}.Release|Any CPU.Build.0 = Release|Any CPU
		{53E75EA9-0272-4433-87E6-ACF4D4C4D5B6}.Debug|Any CPU.ActiveCfg = Debug
		{53E75EA9-0272-4433-87E6-ACF4D4C4D5B6}.Release|Any CPU.ActiveCfg = Release
	EndGlobalSection
	GlobalSection(SolutionProperties) = preSolution
		HideSolutionNode = FALSE
	EndGlobalSection
	GlobalSection(ExtensibilityGlobals) = postSolution
		SolutionGuid = {CDDAFE17-1180-469B-A61A-6F98351C23C8}
	EndGlobalSection
EndGlobal
